// !$*UTF8*$!
{
	archiveVersion = 1;
	classes = {
	};
	objectVersion = 55;
	objects = {

/* Begin PBXBuildFile section */
		01A3B3262803D57800610D77 /* AppDelegate.m in Sources */ = {isa = PBXBuildFile; fileRef = 01A3B3252803D57800610D77 /* AppDelegate.m */; };
		01A3B3292803D57800610D77 /* SceneDelegate.m in Sources */ = {isa = PBXBuildFile; fileRef = 01A3B3282803D57800610D77 /* SceneDelegate.m */; };
		01A3B32C2803D57800610D77 /* ViewController.m in Sources */ = {isa = PBXBuildFile; fileRef = 01A3B32B2803D57800610D77 /* ViewController.m */; };
		01A3B32F2803D57800610D77 /* Main.storyboard in Resources */ = {isa = PBXBuildFile; fileRef = 01A3B32D2803D57800610D77 /* Main.storyboard */; };
		01A3B3312803D57A00610D77 /* Assets.xcassets in Resources */ = {isa = PBXBuildFile; fileRef = 01A3B3302803D57A00610D77 /* Assets.xcassets */; };
		01A3B3342803D57A00610D77 /* LaunchScreen.storyboard in Resources */ = {isa = PBXBuildFile; fileRef = 01A3B3322803D57A00610D77 /* LaunchScreen.storyboard */; };
		01A3B3372803D57A00610D77 /* main.m in Sources */ = {isa = PBXBuildFile; fileRef = 01A3B3362803D57A00610D77 /* main.m */; };
		01A3B3412803D57A00610D77 /* A_CategoryTests.m in Sources */ = {isa = PBXBuildFile; fileRef = 01A3B3402803D57A00610D77 /* A_CategoryTests.m */; };
		01A3B34B2803D57A00610D77 /* A_CategoryUITests.m in Sources */ = {isa = PBXBuildFile; fileRef = 01A3B34A2803D57A00610D77 /* A_CategoryUITests.m */; };
		01A3B34D2803D57A00610D77 /* A_CategoryUITestsLaunchTests.m in Sources */ = {isa = PBXBuildFile; fileRef = 01A3B34C2803D57A00610D77 /* A_CategoryUITestsLaunchTests.m */; };
		01A3B35F28041BF200610D77 /* CTMediator+A.m in Sources */ = {isa = PBXBuildFile; fileRef = 01A3B35E28041BF200610D77 /* CTMediator+A.m */; };
		8D531EF6F5F831EB7D6BB871 /* Pods_A_Category.framework in Frameworks */ = {isa = PBXBuildFile; fileRef = DC415F5AC5A005113BB9444E /* Pods_A_Category.framework */; };
		FD8AC2A28CB53C8F322524D4 /* A_Category_Extension.swift in Sources */ = {isa = PBXBuildFile; fileRef = 93CB08026050E03AE20CDC59 /* A_Category_Extension.swift */; };
/* End PBXBuildFile section */

/* Begin PBXContainerItemProxy section */
		01A3B33D2803D57A00610D77 /* PBXContainerItemProxy */ = {
			isa = PBXContainerItemProxy;
			containerPortal = 01A3B3192803D57800610D77 /* Project object */;
			proxyType = 1;
			remoteGlobalIDString = 01A3B3202803D57800610D77;
			remoteInfo = A_Category;
		};
		01A3B3472803D57A00610D77 /* PBXContainerItemProxy */ = {
			isa = PBXContainerItemProxy;
			containerPortal = 01A3B3192803D57800610D77 /* Project object */;
			proxyType = 1;
			remoteGlobalIDString = 01A3B3202803D57800610D77;
			remoteInfo = A_Category;
		};
/* End PBXContainerItemProxy section */

/* Begin PBXFileReference section */
		01A3B3212803D57800610D77 /* A_Category.app */ = {isa = PBXFileReference; explicitFileType = wrapper.application; includeInIndex = 0; path = A_Category.app; sourceTree = BUILT_PRODUCTS_DIR; };
		01A3B3242803D57800610D77 /* AppDelegate.h */ = {isa = PBXFileReference; lastKnownFileType = sourcecode.c.h; path = AppDelegate.h; sourceTree = "<group>"; };
		01A3B3252803D57800610D77 /* AppDelegate.m */ = {isa = PBXFileReference; lastKnownFileType = sourcecode.c.objc; path = AppDelegate.m; sourceTree = "<group>"; };
		01A3B3272803D57800610D77 /* SceneDelegate.h */ = {isa = PBXFileReference; lastKnownFileType = sourcecode.c.h; path = SceneDelegate.h; sourceTree = "<group>"; };
		01A3B3282803D57800610D77 /* SceneDelegate.m */ = {isa = PBXFileReference; lastKnownFileType = sourcecode.c.objc; path = SceneDelegate.m; sourceTree = "<group>"; };
		01A3B32A2803D57800610D77 /* ViewController.h */ = {isa = PBXFileReference; lastKnownFileType = sourcecode.c.h; path = ViewController.h; sourceTree = "<group>"; };
		01A3B32B2803D57800610D77 /* ViewController.m */ = {isa = PBXFileReference; lastKnownFileType = sourcecode.c.objc; path = ViewController.m; sourceTree = "<group>"; };
		01A3B32E2803D57800610D77 /* Base */ = {isa = PBXFileReference; lastKnownFileType = file.storyboard; name = Base; path = Base.lproj/Main.storyboard; sourceTree = "<group>"; };
		01A3B3302803D57A00610D77 /* Assets.xcassets */ = {isa = PBXFileReference; lastKnownFileType = folder.assetcatalog; path = Assets.xcassets; sourceTree = "<group>"; };
		01A3B3332803D57A00610D77 /* Base */ = {isa = PBXFileReference; lastKnownFileType = file.storyboard; name = Base; path = Base.lproj/LaunchScreen.storyboard; sourceTree = "<group>"; };
		01A3B3352803D57A00610D77 /* Info.plist */ = {isa = PBXFileReference; lastKnownFileType = text.plist.xml; path = Info.plist; sourceTree = "<group>"; };
		01A3B3362803D57A00610D77 /* main.m */ = {isa = PBXFileReference; lastKnownFileType = sourcecode.c.objc; path = main.m; sourceTree = "<group>"; };
		01A3B33C2803D57A00610D77 /* A_CategoryTests.xctest */ = {isa = PBXFileReference; explicitFileType = wrapper.cfbundle; includeInIndex = 0; path = A_CategoryTests.xctest; sourceTree = BUILT_PRODUCTS_DIR; };
		01A3B3402803D57A00610D77 /* A_CategoryTests.m */ = {isa = PBXFileReference; lastKnownFileType = sourcecode.c.objc; path = A_CategoryTests.m; sourceTree = "<group>"; };
		01A3B3462803D57A00610D77 /* A_CategoryUITests.xctest */ = {isa = PBXFileReference; explicitFileType = wrapper.cfbundle; includeInIndex = 0; path = A_CategoryUITests.xctest; sourceTree = BUILT_PRODUCTS_DIR; };
		01A3B34A2803D57A00610D77 /* A_CategoryUITests.m */ = {isa = PBXFileReference; lastKnownFileType = sourcecode.c.objc; path = A_CategoryUITests.m; sourceTree = "<group>"; };
		01A3B34C2803D57A00610D77 /* A_CategoryUITestsLaunchTests.m */ = {isa = PBXFileReference; lastKnownFileType = sourcecode.c.objc; path = A_CategoryUITestsLaunchTests.m; sourceTree = "<group>"; };
		01A3B35D28041BF200610D77 /* CTMediator+A.h */ = {isa = PBXFileReference; lastKnownFileType = sourcecode.c.h; path = "CTMediator+A.h"; sourceTree = "<group>"; };
		01A3B35E28041BF200610D77 /* CTMediator+A.m */ = {isa = PBXFileReference; lastKnownFileType = sourcecode.c.objc; path = "CTMediator+A.m"; sourceTree = "<group>"; };
		5E79D8157FB20E71BF73813C /* A_Category_Extension.podspec */ = {isa = PBXFileReference; explicitFileType = text.script.ruby; includeInIndex = 1; name = A_Category_Extension.podspec; path = ../A_Category_Extension.podspec; sourceTree = "<group>"; };
		93CB08026050E03AE20CDC59 /* A_Category_Extension.swift */ = {isa = PBXFileReference; includeInIndex = 1; lastKnownFileType = sourcecode.swift; name = A_Category_Extension.swift; path = Extension/A_Category_Extension.swift; sourceTree = "<group>"; };
		D5AC8948E7A0F01278C10EE9 /* A_Category.podspec */ = {isa = PBXFileReference; explicitFileType = text.script.ruby; includeInIndex = 1; name = A_Category.podspec; path = ../A_Category.podspec; sourceTree = "<group>"; xcLanguageSpecificationIdentifier = xcode.lang.ruby; };
		DC415F5AC5A005113BB9444E /* Pods_A_Category.framework */ = {isa = PBXFileReference; explicitFileType = wrapper.framework; includeInIndex = 0; path = Pods_A_Category.framework; sourceTree = BUILT_PRODUCTS_DIR; };
		E8F0867C9AD7B347D378E763 /* Pods-A_Category.debug.xcconfig */ = {isa = PBXFileReference; includeInIndex = 1; lastKnownFileType = text.xcconfig; name = "Pods-A_Category.debug.xcconfig"; path = "Target Support Files/Pods-A_Category/Pods-A_Category.debug.xcconfig"; sourceTree = "<group>"; };
		FAF21CBA04C518CE76A240ED /* Pods-A_Category.release.xcconfig */ = {isa = PBXFileReference; includeInIndex = 1; lastKnownFileType = text.xcconfig; name = "Pods-A_Category.release.xcconfig"; path = "Target Support Files/Pods-A_Category/Pods-A_Category.release.xcconfig"; sourceTree = "<group>"; };
/* End PBXFileReference section */

/* Begin PBXFrameworksBuildPhase section */
		01A3B31E2803D57800610D77 /* Frameworks */ = {
			isa = PBXFrameworksBuildPhase;
			buildActionMask = 2147483647;
			files = (
				8D531EF6F5F831EB7D6BB871 /* Pods_A_Category.framework in Frameworks */,
			);
			runOnlyForDeploymentPostprocessing = 0;
		};
		01A3B3392803D57A00610D77 /* Frameworks */ = {
			isa = PBXFrameworksBuildPhase;
			buildActionMask = 2147483647;
			files = (
			);
			runOnlyForDeploymentPostprocessing = 0;
		};
		01A3B3432803D57A00610D77 /* Frameworks */ = {
			isa = PBXFrameworksBuildPhase;
			buildActionMask = 2147483647;
			files = (
			);
			runOnlyForDeploymentPostprocessing = 0;
		};
/* End PBXFrameworksBuildPhase section */

/* Begin PBXGroup section */
		01A3B3182803D57800610D77 = {
			isa = PBXGroup;
			children = (
				01A3B3232803D57800610D77 /* A_Category */,
				01A3B33F2803D57A00610D77 /* A_CategoryTests */,
				01A3B3492803D57A00610D77 /* A_CategoryUITests */,
				01A3B3222803D57800610D77 /* Products */,
				2C509D80290DE4A93BAF2ECB /* Pods */,
				28F0077372FC292B7653CD36 /* Frameworks */,
			);
			sourceTree = "<group>";
		};
		01A3B3222803D57800610D77 /* Products */ = {
			isa = PBXGroup;
			children = (
				01A3B3212803D57800610D77 /* A_Category.app */,
				01A3B33C2803D57A00610D77 /* A_CategoryTests.xctest */,
				01A3B3462803D57A00610D77 /* A_CategoryUITests.xctest */,
			);
			name = Products;
			sourceTree = "<group>";
		};
		01A3B3232803D57800610D77 /* A_Category */ = {
			isa = PBXGroup;
			children = (
				01A3B3242803D57800610D77 /* AppDelegate.h */,
				01A3B3252803D57800610D77 /* AppDelegate.m */,
				01A3B3272803D57800610D77 /* SceneDelegate.h */,
				01A3B3282803D57800610D77 /* SceneDelegate.m */,
				01A3B32A2803D57800610D77 /* ViewController.h */,
				01A3B32B2803D57800610D77 /* ViewController.m */,
				01A3B32D2803D57800610D77 /* Main.storyboard */,
				01A3B3302803D57A00610D77 /* Assets.xcassets */,
				01A3B3322803D57A00610D77 /* LaunchScreen.storyboard */,
				01A3B3352803D57A00610D77 /* Info.plist */,
				01A3B3362803D57A00610D77 /* main.m */,
				CC72B52AC10863AC06DC6776 /* Source */,
				8D0FE385DDD4CF86B920056C /* Extension */,
				5E79D8157FB20E71BF73813C /* A_Category_Extension.podspec */,
				D5AC8948E7A0F01278C10EE9 /* A_Category.podspec */,
			);
			path = A_Category;
			sourceTree = "<group>";
		};
		01A3B33F2803D57A00610D77 /* A_CategoryTests */ = {
			isa = PBXGroup;
			children = (
				01A3B3402803D57A00610D77 /* A_CategoryTests.m */,
			);
			path = A_CategoryTests;
			sourceTree = "<group>";
		};
		01A3B3492803D57A00610D77 /* A_CategoryUITests */ = {
			isa = PBXGroup;
			children = (
				01A3B34A2803D57A00610D77 /* A_CategoryUITests.m */,
				01A3B34C2803D57A00610D77 /* A_CategoryUITestsLaunchTests.m */,
			);
			path = A_CategoryUITests;
			sourceTree = "<group>";
		};
		28F0077372FC292B7653CD36 /* Frameworks */ = {
			isa = PBXGroup;
			children = (
				DC415F5AC5A005113BB9444E /* Pods_A_Category.framework */,
			);
			name = Frameworks;
			sourceTree = "<group>";
		};
		2C509D80290DE4A93BAF2ECB /* Pods */ = {
			isa = PBXGroup;
			children = (
				E8F0867C9AD7B347D378E763 /* Pods-A_Category.debug.xcconfig */,
				FAF21CBA04C518CE76A240ED /* Pods-A_Category.release.xcconfig */,
			);
			path = Pods;
			sourceTree = "<group>";
		};
		8D0FE385DDD4CF86B920056C /* Extension */ = {
			isa = PBXGroup;
			children = (
				93CB08026050E03AE20CDC59 /* A_Category_Extension.swift */,
			);
			name = Extension;
			sourceTree = "<group>";
		};
		CC72B52AC10863AC06DC6776 /* Source */ = {
			isa = PBXGroup;
			children = (
				F7396E7D200E3556CBEB6FD6 /* Target */,
			);
			name = Source;
			sourceTree = "<group>";
		};
		F7396E7D200E3556CBEB6FD6 /* Target */ = {
			isa = PBXGroup;
			children = (
				01A3B35D28041BF200610D77 /* CTMediator+A.h */,
				01A3B35E28041BF200610D77 /* CTMediator+A.m */,
			);
			name = Target;
			sourceTree = "<group>";
		};
/* End PBXGroup section */

/* Begin PBXNativeTarget section */
		01A3B3202803D57800610D77 /* A_Category */ = {
			isa = PBXNativeTarget;
			buildConfigurationList = 01A3B3502803D57A00610D77 /* Build configuration list for PBXNativeTarget "A_Category" */;
			buildPhases = (
				1D90DB894957B8C4E8430FD0 /* [CP] Check Pods Manifest.lock */,
				01A3B31D2803D57800610D77 /* Sources */,
				01A3B31E2803D57800610D77 /* Frameworks */,
				01A3B31F2803D57800610D77 /* Resources */,
				8E0B7678ACDC5882D2BAB528 /* [CP] Embed Pods Frameworks */,
			);
			buildRules = (
			);
			dependencies = (
			);
			name = A_Category;
			productName = A_Category;
			productReference = 01A3B3212803D57800610D77 /* A_Category.app */;
			productType = "com.apple.product-type.application";
		};
		01A3B33B2803D57A00610D77 /* A_CategoryTests */ = {
			isa = PBXNativeTarget;
			buildConfigurationList = 01A3B3532803D57A00610D77 /* Build configuration list for PBXNativeTarget "A_CategoryTests" */;
			buildPhases = (
				01A3B3382803D57A00610D77 /* Sources */,
				01A3B3392803D57A00610D77 /* Frameworks */,
				01A3B33A2803D57A00610D77 /* Resources */,
			);
			buildRules = (
			);
			dependencies = (
				01A3B33E2803D57A00610D77 /* PBXTargetDependency */,
			);
			name = A_CategoryTests;
			productName = A_CategoryTests;
			productReference = 01A3B33C2803D57A00610D77 /* A_CategoryTests.xctest */;
			productType = "com.apple.product-type.bundle.unit-test";
		};
		01A3B3452803D57A00610D77 /* A_CategoryUITests */ = {
			isa = PBXNativeTarget;
			buildConfigurationList = 01A3B3562803D57A00610D77 /* Build configuration list for PBXNativeTarget "A_CategoryUITests" */;
			buildPhases = (
				01A3B3422803D57A00610D77 /* Sources */,
				01A3B3432803D57A00610D77 /* Frameworks */,
				01A3B3442803D57A00610D77 /* Resources */,
			);
			buildRules = (
			);
			dependencies = (
				01A3B3482803D57A00610D77 /* PBXTargetDependency */,
			);
			name = A_CategoryUITests;
			productName = A_CategoryUITests;
			productReference = 01A3B3462803D57A00610D77 /* A_CategoryUITests.xctest */;
			productType = "com.apple.product-type.bundle.ui-testing";
		};
/* End PBXNativeTarget section */

/* Begin PBXProject section */
		01A3B3192803D57800610D77 /* Project object */ = {
			isa = PBXProject;
			attributes = {
				BuildIndependentTargetsInParallel = 1;
				LastUpgradeCheck = 1330;
				TargetAttributes = {
					01A3B3202803D57800610D77 = {
						CreatedOnToolsVersion = 13.3;
					};
					01A3B33B2803D57A00610D77 = {
						CreatedOnToolsVersion = 13.3;
						TestTargetID = 01A3B3202803D57800610D77;
					};
					01A3B3452803D57A00610D77 = {
						CreatedOnToolsVersion = 13.3;
						TestTargetID = 01A3B3202803D57800610D77;
					};
				};
			};
			buildConfigurationList = 01A3B31C2803D57800610D77 /* Build configuration list for PBXProject "A_Category" */;
			compatibilityVersion = "Xcode 13.0";
			developmentRegion = en;
			hasScannedForEncodings = 0;
			knownRegions = (
				en,
				Base,
			);
			mainGroup = 01A3B3182803D57800610D77;
			productRefGroup = 01A3B3222803D57800610D77 /* Products */;
			projectDirPath = "";
			projectRoot = "";
			targets = (
				01A3B3202803D57800610D77 /* A_Category */,
				01A3B33B2803D57A00610D77 /* A_CategoryTests */,
				01A3B3452803D57A00610D77 /* A_CategoryUITests */,
			);
		};
/* End PBXProject section */

/* Begin PBXResourcesBuildPhase section */
		01A3B31F2803D57800610D77 /* Resources */ = {
			isa = PBXResourcesBuildPhase;
			buildActionMask = 2147483647;
			files = (
				01A3B3342803D57A00610D77 /* LaunchScreen.storyboard in Resources */,
				01A3B3312803D57A00610D77 /* Assets.xcassets in Resources */,
				01A3B32F2803D57800610D77 /* Main.storyboard in Resources */,
			);
			runOnlyForDeploymentPostprocessing = 0;
		};
		01A3B33A2803D57A00610D77 /* Resources */ = {
			isa = PBXResourcesBuildPhase;
			buildActionMask = 2147483647;
			files = (
			);
			runOnlyForDeploymentPostprocessing = 0;
		};
		01A3B3442803D57A00610D77 /* Resources */ = {
			isa = PBXResourcesBuildPhase;
			buildActionMask = 2147483647;
			files = (
			);
			runOnlyForDeploymentPostprocessing = 0;
		};
/* End PBXResourcesBuildPhase section */

/* Begin PBXShellScriptBuildPhase section */
		1D90DB894957B8C4E8430FD0 /* [CP] Check Pods Manifest.lock */ = {
			isa = PBXShellScriptBuildPhase;
			buildActionMask = 2147483647;
			files = (
			);
			inputFileListPaths = (
			);
			inputPaths = (
				"${PODS_PODFILE_DIR_PATH}/Podfile.lock",
				"${PODS_ROOT}/Manifest.lock",
			);
			name = "[CP] Check Pods Manifest.lock";
			outputFileListPaths = (
			);
			outputPaths = (
				"$(DERIVED_FILE_DIR)/Pods-A_Category-checkManifestLockResult.txt",
			);
			runOnlyForDeploymentPostprocessing = 0;
			shellPath = /bin/sh;
			shellScript = "diff \"${PODS_PODFILE_DIR_PATH}/Podfile.lock\" \"${PODS_ROOT}/Manifest.lock\" > /dev/null\nif [ $? != 0 ] ; then\n    # print error to STDERR\n    echo \"error: The sandbox is not in sync with the Podfile.lock. Run 'pod install' or update your CocoaPods installation.\" >&2\n    exit 1\nfi\n# This output is used by Xcode 'outputs' to avoid re-running this script phase.\necho \"SUCCESS\" > \"${SCRIPT_OUTPUT_FILE_0}\"\n";
			showEnvVarsInLog = 0;
		};
		8E0B7678ACDC5882D2BAB528 /* [CP] Embed Pods Frameworks */ = {
			isa = PBXShellScriptBuildPhase;
			buildActionMask = 2147483647;
			files = (
			);
			inputFileListPaths = (
				"${PODS_ROOT}/Target Support Files/Pods-A_Category/Pods-A_Category-frameworks-${CONFIGURATION}-input-files.xcfilelist",
			);
			name = "[CP] Embed Pods Frameworks";
			outputFileListPaths = (
				"${PODS_ROOT}/Target Support Files/Pods-A_Category/Pods-A_Category-frameworks-${CONFIGURATION}-output-files.xcfilelist",
			);
			runOnlyForDeploymentPostprocessing = 0;
			shellPath = /bin/sh;
			shellScript = "\"${PODS_ROOT}/Target Support Files/Pods-A_Category/Pods-A_Category-frameworks.sh\"\n";
			showEnvVarsInLog = 0;
		};
/* End PBXShellScriptBuildPhase section */

/* Begin PBXSourcesBuildPhase section */
		01A3B31D2803D57800610D77 /* Sources */ = {
			isa = PBXSourcesBuildPhase;
			buildActionMask = 2147483647;
			files = (
				01A3B32C2803D57800610D77 /* ViewController.m in Sources */,
				01A3B35F28041BF200610D77 /* CTMediator+A.m in Sources */,
				01A3B3262803D57800610D77 /* AppDelegate.m in Sources */,
				01A3B3372803D57A00610D77 /* main.m in Sources */,
				01A3B3292803D57800610D77 /* SceneDelegate.m in Sources */,
				FD8AC2A28CB53C8F322524D4 /* A_Category_Extension.swift in Sources */,
			);
			runOnlyForDeploymentPostprocessing = 0;
		};
		01A3B3382803D57A00610D77 /* Sources */ = {
			isa = PBXSourcesBuildPhase;
			buildActionMask = 2147483647;
			files = (
				01A3B3412803D57A00610D77 /* A_CategoryTests.m in Sources */,
			);
			runOnlyForDeploymentPostprocessing = 0;
		};
		01A3B3422803D57A00610D77 /* Sources */ = {
			isa = PBXSourcesBuildPhase;
			buildActionMask = 2147483647;
			files = (
				01A3B34D2803D57A00610D77 /* A_CategoryUITestsLaunchTests.m in Sources */,
				01A3B34B2803D57A00610D77 /* A_CategoryUITests.m in Sources */,
			);
			runOnlyForDeploymentPostprocessing = 0;
		};
/* End PBXSourcesBuildPhase section */

/* Begin PBXTargetDependency section */
		01A3B33E2803D57A00610D77 /* PBXTargetDependency */ = {
			isa = PBXTargetDependency;
			target = 01A3B3202803D57800610D77 /* A_Category */;
			targetProxy = 01A3B33D2803D57A00610D77 /* PBXContainerItemProxy */;
		};
		01A3B3482803D57A00610D77 /* PBXTargetDependency */ = {
			isa = PBXTargetDependency;
			target = 01A3B3202803D57800610D77 /* A_Category */;
			targetProxy = 01A3B3472803D57A00610D77 /* PBXContainerItemProxy */;
		};
/* End PBXTargetDependency section */

/* Begin PBXVariantGroup section */
		01A3B32D2803D57800610D77 /* Main.storyboard */ = {
			isa = PBXVariantGroup;
			children = (
				01A3B32E2803D57800610D77 /* Base */,
			);
			name = Main.storyboard;
			sourceTree = "<group>";
		};
		01A3B3322803D57A00610D77 /* LaunchScreen.storyboard */ = {
			isa = PBXVariantGroup;
			children = (
				01A3B3332803D57A00610D77 /* Base */,
			);
			name = LaunchScreen.storyboard;
			sourceTree = "<group>";
		};
/* End PBXVariantGroup section */

/* Begin XCBuildConfiguration section */
		01A3B34E2803D57A00610D77 /* Debug */ = {
			isa = XCBuildConfiguration;
			buildSettings = {
				ALWAYS_SEARCH_USER_PATHS = NO;
				CLANG_ANALYZER_NONNULL = YES;
				CLANG_ANALYZER_NUMBER_OBJECT_CONVERSION = YES_AGGRESSIVE;
				CLANG_CXX_LANGUAGE_STANDARD = "gnu++17";
				CLANG_ENABLE_MODULES = YES;
				CLANG_ENABLE_OBJC_ARC = YES;
				CLANG_ENABLE_OBJC_WEAK = YES;
				CLANG_WARN_BLOCK_CAPTURE_AUTORELEASING = YES;
				CLANG_WARN_BOOL_CONVERSION = YES;
				CLANG_WARN_COMMA = YES;
				CLANG_WARN_CONSTANT_CONVERSION = YES;
				CLANG_WARN_DEPRECATED_OBJC_IMPLEMENTATIONS = YES;
				CLANG_WARN_DIRECT_OBJC_ISA_USAGE = YES_ERROR;
				CLANG_WARN_DOCUMENTATION_COMMENTS = YES;
				CLANG_WARN_EMPTY_BODY = YES;
				CLANG_WARN_ENUM_CONVERSION = YES;
				CLANG_WARN_INFINITE_RECURSION = YES;
				CLANG_WARN_INT_CONVERSION = YES;
				CLANG_WARN_NON_LITERAL_NULL_CONVERSION = YES;
				CLANG_WARN_OBJC_IMPLICIT_RETAIN_SELF = YES;
				CLANG_WARN_OBJC_LITERAL_CONVERSION = YES;
				CLANG_WARN_OBJC_ROOT_CLASS = YES_ERROR;
				CLANG_WARN_QUOTED_INCLUDE_IN_FRAMEWORK_HEADER = YES;
				CLANG_WARN_RANGE_LOOP_ANALYSIS = YES;
				CLANG_WARN_STRICT_PROTOTYPES = YES;
				CLANG_WARN_SUSPICIOUS_MOVE = YES;
				CLANG_WARN_UNGUARDED_AVAILABILITY = YES_AGGRESSIVE;
				CLANG_WARN_UNREACHABLE_CODE = YES;
				CLANG_WARN__DUPLICATE_METHOD_MATCH = YES;
				COPY_PHASE_STRIP = NO;
				DEBUG_INFORMATION_FORMAT = dwarf;
				ENABLE_STRICT_OBJC_MSGSEND = YES;
				ENABLE_TESTABILITY = YES;
				GCC_C_LANGUAGE_STANDARD = gnu11;
				GCC_DYNAMIC_NO_PIC = NO;
				GCC_NO_COMMON_BLOCKS = YES;
				GCC_OPTIMIZATION_LEVEL = 0;
				GCC_PREPROCESSOR_DEFINITIONS = (
					"DEBUG=1",
					"$(inherited)",
				);
				GCC_WARN_64_TO_32_BIT_CONVERSION = YES;
				GCC_WARN_ABOUT_RETURN_TYPE = YES_ERROR;
				GCC_WARN_UNDECLARED_SELECTOR = YES;
				GCC_WARN_UNINITIALIZED_AUTOS = YES_AGGRESSIVE;
				GCC_WARN_UNUSED_FUNCTION = YES;
				GCC_WARN_UNUSED_VARIABLE = YES;
				IPHONEOS_DEPLOYMENT_TARGET = 15.4;
				MTL_ENABLE_DEBUG_INFO = INCLUDE_SOURCE;
				MTL_FAST_MATH = YES;
				ONLY_ACTIVE_ARCH = YES;
				SDKROOT = iphoneos;
			};
			name = Debug;
		};
		01A3B34F2803D57A00610D77 /* Release */ = {
			isa = XCBuildConfiguration;
			buildSettings = {
				ALWAYS_SEARCH_USER_PATHS = NO;
				CLANG_ANALYZER_NONNULL = YES;
				CLANG_ANALYZER_NUMBER_OBJECT_CONVERSION = YES_AGGRESSIVE;
				CLANG_CXX_LANGUAGE_STANDARD = "gnu++17";
				CLANG_ENABLE_MODULES = YES;
				CLANG_ENABLE_OBJC_ARC = YES;
				CLANG_ENABLE_OBJC_WEAK = YES;
				CLANG_WARN_BLOCK_CAPTURE_AUTORELEASING = YES;
				CLANG_WARN_BOOL_CONVERSION = YES;
				CLANG_WARN_COMMA = YES;
				CLANG_WARN_CONSTANT_CONVERSION = YES;
				CLANG_WARN_DEPRECATED_OBJC_IMPLEMENTATIONS = YES;
				CLANG_WARN_DIRECT_OBJC_ISA_USAGE = YES_ERROR;
				CLANG_WARN_DOCUMENTATION_COMMENTS = YES;
				CLANG_WARN_EMPTY_BODY = YES;
				CLANG_WARN_ENUM_CONVERSION = YES;
				CLANG_WARN_INFINITE_RECURSION = YES;
				CLANG_WARN_INT_CONVERSION = YES;
				CLANG_WARN_NON_LITERAL_NULL_CONVERSION = YES;
				CLANG_WARN_OBJC_IMPLICIT_RETAIN_SELF = YES;
				CLANG_WARN_OBJC_LITERAL_CONVERSION = YES;
				CLANG_WARN_OBJC_ROOT_CLASS = YES_ERROR;
				CLANG_WARN_QUOTED_INCLUDE_IN_FRAMEWORK_HEADER = YES;
				CLANG_WARN_RANGE_LOOP_ANALYSIS = YES;
				CLANG_WARN_STRICT_PROTOTYPES = YES;
				CLANG_WARN_SUSPICIOUS_MOVE = YES;
				CLANG_WARN_UNGUARDED_AVAILABILITY = YES_AGGRESSIVE;
				CLANG_WARN_UNREACHABLE_CODE = YES;
				CLANG_WARN__DUPLICATE_METHOD_MATCH = YES;
				COPY_PHASE_STRIP = NO;
				DEBUG_INFORMATION_FORMAT = "dwarf-with-dsym";
				ENABLE_NS_ASSERTIONS = NO;
				ENABLE_STRICT_OBJC_MSGSEND = YES;
				GCC_C_LANGUAGE_STANDARD = gnu11;
				GCC_NO_COMMON_BLOCKS = YES;
				GCC_WARN_64_TO_32_BIT_CONVERSION = YES;
				GCC_WARN_ABOUT_RETURN_TYPE = YES_ERROR;
				GCC_WARN_UNDECLARED_SELECTOR = YES;
				GCC_WARN_UNINITIALIZED_AUTOS = YES_AGGRESSIVE;
				GCC_WARN_UNUSED_FUNCTION = YES;
				GCC_WARN_UNUSED_VARIABLE = YES;
				IPHONEOS_DEPLOYMENT_TARGET = 15.4;
				MTL_ENABLE_DEBUG_INFO = NO;
				MTL_FAST_MATH = YES;
				SDKROOT = iphoneos;
				VALIDATE_PRODUCT = YES;
			};
			name = Release;
		};
		01A3B3512803D57A00610D77 /* Debug */ = {
			isa = XCBuildConfiguration;
			baseConfigurationReference = E8F0867C9AD7B347D378E763 /* Pods-A_Category.debug.xcconfig */;
			buildSettings = {
				ASSETCATALOG_COMPILER_APPICON_NAME = AppIcon;
				ASSETCATALOG_COMPILER_GLOBAL_ACCENT_COLOR_NAME = AccentColor;
				CODE_SIGN_STYLE = Automatic;
				CURRENT_PROJECT_VERSION = 1;
				DEVELOPMENT_TEAM = 3FSX59FLZT;
				GENERATE_INFOPLIST_FILE = YES;
				INFOPLIST_FILE = A_Category/Info.plist;
				INFOPLIST_KEY_UIApplicationSupportsIndirectInputEvents = YES;
				INFOPLIST_KEY_UILaunchStoryboardName = LaunchScreen;
				INFOPLIST_KEY_UIMainStoryboardFile = Main;
				INFOPLIST_KEY_UISupportedInterfaceOrientations_iPad = "UIInterfaceOrientationPortrait UIInterfaceOrientationPortraitUpsideDown UIInterfaceOrientationLandscapeLeft UIInterfaceOrientationLandscapeRight";
				INFOPLIST_KEY_UISupportedInterfaceOrientations_iPhone = "UIInterfaceOrientationPortrait UIInterfaceOrientationLandscapeLeft UIInterfaceOrientationLandscapeRight";
				LD_RUNPATH_SEARCH_PATHS = (
					"$(inherited)",
					"@executable_path/Frameworks",
				);
				MARKETING_VERSION = 1.0;
				PRODUCT_BUNDLE_IDENTIFIER = "com.suzhougoldmantis.A.A-Category";
				PRODUCT_NAME = "$(TARGET_NAME)";
				SWIFT_EMIT_LOC_STRINGS = YES;
				SWIFT_VERSION = 4.2;
				TARGETED_DEVICE_FAMILY = "1,2";
			};
			name = Debug;
		};
		01A3B3522803D57A00610D77 /* Release */ = {
			isa = XCBuildConfiguration;
			baseConfigurationReference = FAF21CBA04C518CE76A240ED /* Pods-A_Category.release.xcconfig */;
			buildSettings = {
				ASSETCATALOG_COMPILER_APPICON_NAME = AppIcon;
				ASSETCATALOG_COMPILER_GLOBAL_ACCENT_COLOR_NAME = AccentColor;
				CODE_SIGN_STYLE = Automatic;
				CURRENT_PROJECT_VERSION = 1;
				DEVELOPMENT_TEAM = 3FSX59FLZT;
				GENERATE_INFOPLIST_FILE = YES;
				INFOPLIST_FILE = A_Category/Info.plist;
				INFOPLIST_KEY_UIApplicationSupportsIndirectInputEvents = YES;
				INFOPLIST_KEY_UILaunchStoryboardName = LaunchScreen;
				INFOPLIST_KEY_UIMainStoryboardFile = Main;
				INFOPLIST_KEY_UISupportedInterfaceOrientations_iPad = "UIInterfaceOrientationPortrait UIInterfaceOrientationPortraitUpsideDown UIInterfaceOrientationLandscapeLeft UIInterfaceOrientationLandscapeRight";
				INFOPLIST_KEY_UISupportedInterfaceOrientations_iPhone = "UIInterfaceOrientationPortrait UIInterfaceOrientationLandscapeLeft UIInterfaceOrientationLandscapeRight";
				LD_RUNPATH_SEARCH_PATHS = (
					"$(inherited)",
					"@executable_path/Frameworks",
				);
				MARKETING_VERSION = 1.0;
				PRODUCT_BUNDLE_IDENTIFIER = "com.suzhougoldmantis.A.A-Category";
				PRODUCT_NAME = "$(TARGET_NAME)";
				SWIFT_EMIT_LOC_STRINGS = YES;
				SWIFT_VERSION = 4.2;
				TARGETED_DEVICE_FAMILY = "1,2";
			};
			name = Release;
		};
		01A3B3542803D57A00610D77 /* Debug */ = {
			isa = XCBuildConfiguration;
			buildSettings = {
				BUNDLE_LOADER = "$(TEST_HOST)";
				CODE_SIGN_STYLE = Automatic;
				CURRENT_PROJECT_VERSION = 1;
				DEVELOPMENT_TEAM = 3FSX59FLZT;
				GENERATE_INFOPLIST_FILE = YES;
				IPHONEOS_DEPLOYMENT_TARGET = 15.4;
				MARKETING_VERSION = 1.0;
				PRODUCT_BUNDLE_IDENTIFIER = "com.suzhougoldmantis.A.A-CategoryTests";
				PRODUCT_NAME = "$(TARGET_NAME)";
				SWIFT_EMIT_LOC_STRINGS = NO;
				TARGETED_DEVICE_FAMILY = "1,2";
				TEST_HOST = "$(BUILT_PRODUCTS_DIR)/A_Category.app/A_Category";
			};
			name = Debug;
		};
		01A3B3552803D57A00610D77 /* Release */ = {
			isa = XCBuildConfiguration;
			buildSettings = {
				BUNDLE_LOADER = "$(TEST_HOST)";
				CODE_SIGN_STYLE = Automatic;
				CURRENT_PROJECT_VERSION = 1;
				DEVELOPMENT_TEAM = 3FSX59FLZT;
				GENERATE_INFOPLIST_FILE = YES;
				IPHONEOS_DEPLOYMENT_TARGET = 15.4;
				MARKETING_VERSION = 1.0;
				PRODUCT_BUNDLE_IDENTIFIER = "com.suzhougoldmantis.A.A-CategoryTests";
				PRODUCT_NAME = "$(TARGET_NAME)";
				SWIFT_EMIT_LOC_STRINGS = NO;
				TARGETED_DEVICE_FAMILY = "1,2";
				TEST_HOST = "$(BUILT_PRODUCTS_DIR)/A_Category.app/A_Category";
			};
			name = Release;
		};
		01A3B3572803D57A00610D77 /* Debug */ = {
			isa = XCBuildConfiguration;
			buildSettings = {
				CODE_SIGN_STYLE = Automatic;
				CURRENT_PROJECT_VERSION = 1;
				DEVELOPMENT_TEAM = 3FSX59FLZT;
				GENERATE_INFOPLIST_FILE = YES;
				MARKETING_VERSION = 1.0;
				PRODUCT_BUNDLE_IDENTIFIER = "com.suzhougoldmantis.A.A-CategoryUITests";
				PRODUCT_NAME = "$(TARGET_NAME)";
				SWIFT_EMIT_LOC_STRINGS = NO;
				TARGETED_DEVICE_FAMILY = "1,2";
				TEST_TARGET_NAME = A_Category;
			};
			name = Debug;
		};
		01A3B3582803D57A00610D77 /* Release */ = {
			isa = XCBuildConfiguration;
			buildSettings = {
				CODE_SIGN_STYLE = Automatic;
				CURRENT_PROJECT_VERSION = 1;
				DEVELOPMENT_TEAM = 3FSX59FLZT;
				GENERATE_INFOPLIST_FILE = YES;
				MARKETING_VERSION = 1.0;
				PRODUCT_BUNDLE_IDENTIFIER = "com.suzhougoldmantis.A.A-CategoryUITests";
				PRODUCT_NAME = "$(TARGET_NAME)";
				SWIFT_EMIT_LOC_STRINGS = NO;
				TARGETED_DEVICE_FAMILY = "1,2";
				TEST_TARGET_NAME = A_Category;
			};
			name = Release;
		};
/* End XCBuildConfiguration section */

/* Begin XCConfigurationList section */
		01A3B31C2803D57800610D77 /* Build configuration list for PBXProject "A_Category" */ = {
			isa = XCConfigurationList;
			buildConfigurations = (
				01A3B34E2803D57A00610D77 /* Debug */,
				01A3B34F2803D57A00610D77 /* Release */,
			);
			defaultConfigurationIsVisible = 0;
			defaultConfigurationName = Release;
		};
		01A3B3502803D57A00610D77 /* Build configuration list for PBXNativeTarget "A_Category" */ = {
			isa = XCConfigurationList;
			buildConfigurations = (
				01A3B3512803D57A00610D77 /* Debug */,
				01A3B3522803D57A00610D77 /* Release */,
			);
			defaultConfigurationIsVisible = 0;
			defaultConfigurationName = Release;
		};
		01A3B3532803D57A00610D77 /* Build configuration list for PBXNativeTarget "A_CategoryTests" */ = {
			isa = XCConfigurationList;
			buildConfigurations = (
				01A3B3542803D57A00610D77 /* Debug */,
				01A3B3552803D57A00610D77 /* Release */,
			);
			defaultConfigurationIsVisible = 0;
			defaultConfigurationName = Release;
		};
		01A3B3562803D57A00610D77 /* Build configuration list for PBXNativeTarget "A_CategoryUITests" */ = {
			isa = XCConfigurationList;
			buildConfigurations = (
				01A3B3572803D57A00610D77 /* Debug */,
				01A3B3582803D57A00610D77 /* Release */,
			);
			defaultConfigurationIsVisible = 0;
			defaultConfigurationName = Release;
		};
/* End XCConfigurationList section */
	};
	rootObject = 01A3B3192803D57800610D77 /* Project object */;
}
